// !$*UTF8*$!
{
	archiveVersion = 1;
	classes = {
	};
	objectVersion = 56;
	objects = {

/* Begin PBXBuildFile section */
		EE2EDF6D2AAB62FE00211130 /* Localizable.strings in Resources */ = {isa = PBXBuildFile; fileRef = EE2EDF6F2AAB62FE00211130 /* Localizable.strings */; };
		EE2F72BF2AAB2806002F8E8D /* InfoPlist.strings in Resources */ = {isa = PBXBuildFile; fileRef = EE2F72C12AAB2806002F8E8D /* InfoPlist.strings */; };
		EE2F72C62AAB2954002F8E8D /* VideoPlayerViewController.swift in Sources */ = {isa = PBXBuildFile; fileRef = EE2F72C52AAB2954002F8E8D /* VideoPlayerViewController.swift */; };
		EE67C3282ABB256E00D734AA /* UnisseySdk in Frameworks */ = {isa = PBXBuildFile; productRef = EE67C3272ABB256E00D734AA /* UnisseySdk */; };
		EEA99B322AAB1227000F6AA1 /* AppDelegate.swift in Sources */ = {isa = PBXBuildFile; fileRef = EEA99B312AAB1227000F6AA1 /* AppDelegate.swift */; };
		EEA99B342AAB1227000F6AA1 /* SceneDelegate.swift in Sources */ = {isa = PBXBuildFile; fileRef = EEA99B332AAB1227000F6AA1 /* SceneDelegate.swift */; };
		EEA99B392AAB1227000F6AA1 /* Main.storyboard in Resources */ = {isa = PBXBuildFile; fileRef = EEA99B372AAB1227000F6AA1 /* Main.storyboard */; };
		EEA99B3B2AAB1228000F6AA1 /* Assets.xcassets in Resources */ = {isa = PBXBuildFile; fileRef = EEA99B3A2AAB1228000F6AA1 /* Assets.xcassets */; };
		EEA99B3E2AAB1228000F6AA1 /* LaunchScreen.storyboard in Resources */ = {isa = PBXBuildFile; fileRef = EEA99B3C2AAB1228000F6AA1 /* LaunchScreen.storyboard */; };
		EEA99B632AAB250A000F6AA1 /* UnisseyHostingController.swift in Sources */ = {isa = PBXBuildFile; fileRef = EEA99B622AAB250A000F6AA1 /* UnisseyHostingController.swift */; };
/* End PBXBuildFile section */

/* Begin PBXCopyFilesBuildPhase section */
		EE2F72B82AAB265B002F8E8D /* Embed Frameworks */ = {
			isa = PBXCopyFilesBuildPhase;
			buildActionMask = 2147483647;
			dstPath = "";
			dstSubfolderSpec = 10;
			files = (
			);
			name = "Embed Frameworks";
			runOnlyForDeploymentPostprocessing = 0;
		};
/* End PBXCopyFilesBuildPhase section */

/* Begin PBXFileReference section */
		EE2EDF682AAB4ADC00211130 /* en */ = {isa = PBXFileReference; lastKnownFileType = text.plist.strings; name = en; path = en.lproj/Main.strings; sourceTree = "<group>"; };
		EE2EDF6A2AAB4AEE00211130 /* fr */ = {isa = PBXFileReference; lastKnownFileType = text.plist.strings; name = fr; path = fr.lproj/Main.strings; sourceTree = "<group>"; };
		EE2EDF6E2AAB62FE00211130 /* en */ = {isa = PBXFileReference; lastKnownFileType = text.plist.strings; name = en; path = en.lproj/Localizable.strings; sourceTree = "<group>"; };
		EE2EDF702AAB630000211130 /* fr */ = {isa = PBXFileReference; lastKnownFileType = text.plist.strings; name = fr; path = fr.lproj/Localizable.strings; sourceTree = "<group>"; };
		EE2F72C02AAB2806002F8E8D /* en */ = {isa = PBXFileReference; lastKnownFileType = text.plist.strings; name = en; path = en.lproj/InfoPlist.strings; sourceTree = "<group>"; };
		EE2F72C22AAB280B002F8E8D /* fr */ = {isa = PBXFileReference; lastKnownFileType = text.plist.strings; name = fr; path = fr.lproj/InfoPlist.strings; sourceTree = "<group>"; };
		EE2F72C32AAB28B0002F8E8D /* Base */ = {isa = PBXFileReference; lastKnownFileType = file.storyboard; name = Base; path = Base.lproj/LaunchScreen.storyboard; sourceTree = "<group>"; };
		EE2F72C42AAB28B0002F8E8D /* Base */ = {isa = PBXFileReference; lastKnownFileType = file.storyboard; name = Base; path = Base.lproj/Main.storyboard; sourceTree = "<group>"; };
		EE2F72C52AAB2954002F8E8D /* VideoPlayerViewController.swift */ = {isa = PBXFileReference; lastKnownFileType = sourcecode.swift; path = VideoPlayerViewController.swift; sourceTree = "<group>"; };
		EEA99B2E2AAB1227000F6AA1 /* sample-legacy-app.app */ = {isa = PBXFileReference; explicitFileType = wrapper.application; includeInIndex = 0; path = "sample-legacy-app.app"; sourceTree = BUILT_PRODUCTS_DIR; };
		EEA99B312AAB1227000F6AA1 /* AppDelegate.swift */ = {isa = PBXFileReference; lastKnownFileType = sourcecode.swift; path = AppDelegate.swift; sourceTree = "<group>"; };
		EEA99B332AAB1227000F6AA1 /* SceneDelegate.swift */ = {isa = PBXFileReference; lastKnownFileType = sourcecode.swift; path = SceneDelegate.swift; sourceTree = "<group>"; };
		EEA99B3A2AAB1228000F6AA1 /* Assets.xcassets */ = {isa = PBXFileReference; lastKnownFileType = folder.assetcatalog; path = Assets.xcassets; sourceTree = "<group>"; };
		EEA99B3F2AAB1228000F6AA1 /* Info.plist */ = {isa = PBXFileReference; lastKnownFileType = text.plist.xml; path = Info.plist; sourceTree = "<group>"; };
		EEA99B612AAB16B6000F6AA1 /* sample-legacy-app.entitlements */ = {isa = PBXFileReference; lastKnownFileType = text.plist.entitlements; path = "sample-legacy-app.entitlements"; sourceTree = "<group>"; };
		EEA99B622AAB250A000F6AA1 /* UnisseyHostingController.swift */ = {isa = PBXFileReference; lastKnownFileType = sourcecode.swift; path = UnisseyHostingController.swift; sourceTree = "<group>"; };
/* End PBXFileReference section */

/* Begin PBXFrameworksBuildPhase section */
		EEA99B2B2AAB1227000F6AA1 /* Frameworks */ = {
			isa = PBXFrameworksBuildPhase;
			buildActionMask = 2147483647;
			files = (
				EE67C3282ABB256E00D734AA /* UnisseySdk in Frameworks */,
			);
			runOnlyForDeploymentPostprocessing = 0;
		};
/* End PBXFrameworksBuildPhase section */

/* Begin PBXGroup section */
		EEA99B252AAB1227000F6AA1 = {
			isa = PBXGroup;
			children = (
				EEA99B302AAB1227000F6AA1 /* sample-legacy-app */,
				EEA99B2F2AAB1227000F6AA1 /* Products */,
				EEA99B652AAB258B000F6AA1 /* Frameworks */,
			);
			sourceTree = "<group>";
		};
		EEA99B2F2AAB1227000F6AA1 /* Products */ = {
			isa = PBXGroup;
			children = (
				EEA99B2E2AAB1227000F6AA1 /* sample-legacy-app.app */,
			);
			name = Products;
			sourceTree = "<group>";
		};
		EEA99B302AAB1227000F6AA1 /* sample-legacy-app */ = {
			isa = PBXGroup;
			children = (
				EEA99B612AAB16B6000F6AA1 /* sample-legacy-app.entitlements */,
				EEA99B3F2AAB1228000F6AA1 /* Info.plist */,
				EE2F72C12AAB2806002F8E8D /* InfoPlist.strings */,
				EEA99B3A2AAB1228000F6AA1 /* Assets.xcassets */,
				EE2EDF6F2AAB62FE00211130 /* Localizable.strings */,
				EEA99B312AAB1227000F6AA1 /* AppDelegate.swift */,
				EEA99B332AAB1227000F6AA1 /* SceneDelegate.swift */,
				EEA99B3C2AAB1228000F6AA1 /* LaunchScreen.storyboard */,
				EEA99B372AAB1227000F6AA1 /* Main.storyboard */,
				EEA99B642AAB2525000F6AA1 /* Ui */,
			);
			path = "sample-legacy-app";
			sourceTree = "<group>";
		};
		EEA99B642AAB2525000F6AA1 /* Ui */ = {
			isa = PBXGroup;
			children = (
				EEA99B622AAB250A000F6AA1 /* UnisseyHostingController.swift */,
				EE2F72C52AAB2954002F8E8D /* VideoPlayerViewController.swift */,
			);
			path = Ui;
			sourceTree = "<group>";
		};
		EEA99B652AAB258B000F6AA1 /* Frameworks */ = {
			isa = PBXGroup;
			children = (
			);
			name = Frameworks;
			sourceTree = "<group>";
		};
/* End PBXGroup section */

/* Begin PBXNativeTarget section */
		EEA99B2D2AAB1227000F6AA1 /* sample-legacy-app */ = {
			isa = PBXNativeTarget;
			buildConfigurationList = EEA99B582AAB1228000F6AA1 /* Build configuration list for PBXNativeTarget "sample-legacy-app" */;
			buildPhases = (
				EEA99B2A2AAB1227000F6AA1 /* Sources */,
				EEA99B2B2AAB1227000F6AA1 /* Frameworks */,
				EEA99B2C2AAB1227000F6AA1 /* Resources */,
				EE2F72B82AAB265B002F8E8D /* Embed Frameworks */,
			);
			buildRules = (
			);
			dependencies = (
			);
			name = "sample-legacy-app";
			packageProductDependencies = (
				EE67C3272ABB256E00D734AA /* UnisseySdk */,
			);
			productName = "sample-legacy-app";
			productReference = EEA99B2E2AAB1227000F6AA1 /* sample-legacy-app.app */;
			productType = "com.apple.product-type.application";
		};
/* End PBXNativeTarget section */

/* Begin PBXProject section */
		EEA99B262AAB1227000F6AA1 /* Project object */ = {
			isa = PBXProject;
			attributes = {
				BuildIndependentTargetsInParallel = 1;
				LastSwiftUpdateCheck = 1430;
				LastUpgradeCheck = 1430;
				TargetAttributes = {
					EEA99B2D2AAB1227000F6AA1 = {
						CreatedOnToolsVersion = 14.3.1;
					};
				};
			};
			buildConfigurationList = EEA99B292AAB1227000F6AA1 /* Build configuration list for PBXProject "sample-legacy-app" */;
			compatibilityVersion = "Xcode 14.0";
			developmentRegion = en;
			hasScannedForEncodings = 0;
			knownRegions = (
				en,
				fr,
				Base,
			);
			mainGroup = EEA99B252AAB1227000F6AA1;
			packageReferences = (
				EE67C3262ABB256E00D734AA /* XCRemoteSwiftPackageReference "sdk-ios" */,
			);
			productRefGroup = EEA99B2F2AAB1227000F6AA1 /* Products */;
			projectDirPath = "";
			projectRoot = "";
			targets = (
				EEA99B2D2AAB1227000F6AA1 /* sample-legacy-app */,
			);
		};
/* End PBXProject section */

/* Begin PBXResourcesBuildPhase section */
		EEA99B2C2AAB1227000F6AA1 /* Resources */ = {
			isa = PBXResourcesBuildPhase;
			buildActionMask = 2147483647;
			files = (
				EE2EDF6D2AAB62FE00211130 /* Localizable.strings in Resources */,
				EEA99B3E2AAB1228000F6AA1 /* LaunchScreen.storyboard in Resources */,
				EE2F72BF2AAB2806002F8E8D /* InfoPlist.strings in Resources */,
				EEA99B3B2AAB1228000F6AA1 /* Assets.xcassets in Resources */,
				EEA99B392AAB1227000F6AA1 /* Main.storyboard in Resources */,
			);
			runOnlyForDeploymentPostprocessing = 0;
		};
/* End PBXResourcesBuildPhase section */

/* Begin PBXSourcesBuildPhase section */
		EEA99B2A2AAB1227000F6AA1 /* Sources */ = {
			isa = PBXSourcesBuildPhase;
			buildActionMask = 2147483647;
			files = (
				EEA99B632AAB250A000F6AA1 /* UnisseyHostingController.swift in Sources */,
				EE2F72C62AAB2954002F8E8D /* VideoPlayerViewController.swift in Sources */,
				EEA99B322AAB1227000F6AA1 /* AppDelegate.swift in Sources */,
				EEA99B342AAB1227000F6AA1 /* SceneDelegate.swift in Sources */,
			);
			runOnlyForDeploymentPostprocessing = 0;
		};
/* End PBXSourcesBuildPhase section */

/* Begin PBXVariantGroup section */
		EE2EDF6F2AAB62FE00211130 /* Localizable.strings */ = {
			isa = PBXVariantGroup;
			children = (
				EE2EDF6E2AAB62FE00211130 /* en */,
				EE2EDF702AAB630000211130 /* fr */,
			);
			name = Localizable.strings;
			sourceTree = "<group>";
		};
		EE2F72C12AAB2806002F8E8D /* InfoPlist.strings */ = {
			isa = PBXVariantGroup;
			children = (
				EE2F72C02AAB2806002F8E8D /* en */,
				EE2F72C22AAB280B002F8E8D /* fr */,
			);
			name = InfoPlist.strings;
			sourceTree = "<group>";
		};
		EEA99B372AAB1227000F6AA1 /* Main.storyboard */ = {
			isa = PBXVariantGroup;
			children = (
				EE2F72C42AAB28B0002F8E8D /* Base */,
				EE2EDF682AAB4ADC00211130 /* en */,
				EE2EDF6A2AAB4AEE00211130 /* fr */,
			);
			name = Main.storyboard;
			sourceTree = "<group>";
		};
		EEA99B3C2AAB1228000F6AA1 /* LaunchScreen.storyboard */ = {
			isa = PBXVariantGroup;
			children = (
				EE2F72C32AAB28B0002F8E8D /* Base */,
			);
			name = LaunchScreen.storyboard;
			sourceTree = "<group>";
		};
/* End PBXVariantGroup section */

/* Begin XCBuildConfiguration section */
		EEA99B562AAB1228000F6AA1 /* Debug */ = {
			isa = XCBuildConfiguration;
			buildSettings = {
				ALWAYS_SEARCH_USER_PATHS = NO;
				CLANG_ANALYZER_LOCALIZABILITY_NONLOCALIZED = YES;
				CLANG_ANALYZER_NONNULL = YES;
				CLANG_ANALYZER_NUMBER_OBJECT_CONVERSION = YES_AGGRESSIVE;
				CLANG_CXX_LANGUAGE_STANDARD = "gnu++20";
				CLANG_ENABLE_MODULES = YES;
				CLANG_ENABLE_OBJC_ARC = YES;
				CLANG_ENABLE_OBJC_WEAK = YES;
				CLANG_WARN_BLOCK_CAPTURE_AUTORELEASING = YES;
				CLANG_WARN_BOOL_CONVERSION = YES;
				CLANG_WARN_COMMA = YES;
				CLANG_WARN_CONSTANT_CONVERSION = YES;
				CLANG_WARN_DEPRECATED_OBJC_IMPLEMENTATIONS = YES;
				CLANG_WARN_DIRECT_OBJC_ISA_USAGE = YES_ERROR;
				CLANG_WARN_DOCUMENTATION_COMMENTS = YES;
				CLANG_WARN_EMPTY_BODY = YES;
				CLANG_WARN_ENUM_CONVERSION = YES;
				CLANG_WARN_INFINITE_RECURSION = YES;
				CLANG_WARN_INT_CONVERSION = YES;
				CLANG_WARN_NON_LITERAL_NULL_CONVERSION = YES;
				CLANG_WARN_OBJC_IMPLICIT_RETAIN_SELF = YES;
				CLANG_WARN_OBJC_LITERAL_CONVERSION = YES;
				CLANG_WARN_OBJC_ROOT_CLASS = YES_ERROR;
				CLANG_WARN_QUOTED_INCLUDE_IN_FRAMEWORK_HEADER = YES;
				CLANG_WARN_RANGE_LOOP_ANALYSIS = YES;
				CLANG_WARN_STRICT_PROTOTYPES = YES;
				CLANG_WARN_SUSPICIOUS_MOVE = YES;
				CLANG_WARN_UNGUARDED_AVAILABILITY = YES_AGGRESSIVE;
				CLANG_WARN_UNREACHABLE_CODE = YES;
				CLANG_WARN__DUPLICATE_METHOD_MATCH = YES;
				COPY_PHASE_STRIP = NO;
				DEBUG_INFORMATION_FORMAT = dwarf;
				ENABLE_STRICT_OBJC_MSGSEND = YES;
				ENABLE_TESTABILITY = YES;
				GCC_C_LANGUAGE_STANDARD = gnu11;
				GCC_DYNAMIC_NO_PIC = NO;
				GCC_NO_COMMON_BLOCKS = YES;
				GCC_OPTIMIZATION_LEVEL = 0;
				GCC_PREPROCESSOR_DEFINITIONS = (
					"DEBUG=1",
					"$(inherited)",
				);
				GCC_WARN_64_TO_32_BIT_CONVERSION = YES;
				GCC_WARN_ABOUT_RETURN_TYPE = YES_ERROR;
				GCC_WARN_UNDECLARED_SELECTOR = YES;
				GCC_WARN_UNINITIALIZED_AUTOS = YES_AGGRESSIVE;
				GCC_WARN_UNUSED_FUNCTION = YES;
				GCC_WARN_UNUSED_VARIABLE = YES;
				IPHONEOS_DEPLOYMENT_TARGET = 16.4;
				MTL_ENABLE_DEBUG_INFO = INCLUDE_SOURCE;
				MTL_FAST_MATH = YES;
				ONLY_ACTIVE_ARCH = YES;
				SDKROOT = iphoneos;
				SWIFT_ACTIVE_COMPILATION_CONDITIONS = DEBUG;
				SWIFT_OPTIMIZATION_LEVEL = "-Onone";
			};
			name = Debug;
		};
		EEA99B572AAB1228000F6AA1 /* Release */ = {
			isa = XCBuildConfiguration;
			buildSettings = {
				ALWAYS_SEARCH_USER_PATHS = NO;
				CLANG_ANALYZER_LOCALIZABILITY_NONLOCALIZED = YES;
				CLANG_ANALYZER_NONNULL = YES;
				CLANG_ANALYZER_NUMBER_OBJECT_CONVERSION = YES_AGGRESSIVE;
				CLANG_CXX_LANGUAGE_STANDARD = "gnu++20";
				CLANG_ENABLE_MODULES = YES;
				CLANG_ENABLE_OBJC_ARC = YES;
				CLANG_ENABLE_OBJC_WEAK = YES;
				CLANG_WARN_BLOCK_CAPTURE_AUTORELEASING = YES;
				CLANG_WARN_BOOL_CONVERSION = YES;
				CLANG_WARN_COMMA = YES;
				CLANG_WARN_CONSTANT_CONVERSION = YES;
				CLANG_WARN_DEPRECATED_OBJC_IMPLEMENTATIONS = YES;
				CLANG_WARN_DIRECT_OBJC_ISA_USAGE = YES_ERROR;
				CLANG_WARN_DOCUMENTATION_COMMENTS = YES;
				CLANG_WARN_EMPTY_BODY = YES;
				CLANG_WARN_ENUM_CONVERSION = YES;
				CLANG_WARN_INFINITE_RECURSION = YES;
				CLANG_WARN_INT_CONVERSION = YES;
				CLANG_WARN_NON_LITERAL_NULL_CONVERSION = YES;
				CLANG_WARN_OBJC_IMPLICIT_RETAIN_SELF = YES;
				CLANG_WARN_OBJC_LITERAL_CONVERSION = YES;
				CLANG_WARN_OBJC_ROOT_CLASS = YES_ERROR;
				CLANG_WARN_QUOTED_INCLUDE_IN_FRAMEWORK_HEADER = YES;
				CLANG_WARN_RANGE_LOOP_ANALYSIS = YES;
				CLANG_WARN_STRICT_PROTOTYPES = YES;
				CLANG_WARN_SUSPICIOUS_MOVE = YES;
				CLANG_WARN_UNGUARDED_AVAILABILITY = YES_AGGRESSIVE;
				CLANG_WARN_UNREACHABLE_CODE = YES;
				CLANG_WARN__DUPLICATE_METHOD_MATCH = YES;
				COPY_PHASE_STRIP = NO;
				DEBUG_INFORMATION_FORMAT = "dwarf-with-dsym";
				ENABLE_NS_ASSERTIONS = NO;
				ENABLE_STRICT_OBJC_MSGSEND = YES;
				GCC_C_LANGUAGE_STANDARD = gnu11;
				GCC_NO_COMMON_BLOCKS = YES;
				GCC_WARN_64_TO_32_BIT_CONVERSION = YES;
				GCC_WARN_ABOUT_RETURN_TYPE = YES_ERROR;
				GCC_WARN_UNDECLARED_SELECTOR = YES;
				GCC_WARN_UNINITIALIZED_AUTOS = YES_AGGRESSIVE;
				GCC_WARN_UNUSED_FUNCTION = YES;
				GCC_WARN_UNUSED_VARIABLE = YES;
				IPHONEOS_DEPLOYMENT_TARGET = 16.4;
				MTL_ENABLE_DEBUG_INFO = NO;
				MTL_FAST_MATH = YES;
				SDKROOT = iphoneos;
				SWIFT_COMPILATION_MODE = wholemodule;
				SWIFT_OPTIMIZATION_LEVEL = "-O";
				VALIDATE_PRODUCT = YES;
			};
			name = Release;
		};
		EEA99B592AAB1228000F6AA1 /* Debug */ = {
			isa = XCBuildConfiguration;
			buildSettings = {
				ASSETCATALOG_COMPILER_APPICON_NAME = AppIcon;
				ASSETCATALOG_COMPILER_GLOBAL_ACCENT_COLOR_NAME = AccentColor;
				CODE_SIGN_ENTITLEMENTS = "sample-legacy-app/sample-legacy-app.entitlements";
				CODE_SIGN_STYLE = Automatic;
				CURRENT_PROJECT_VERSION = 1;
				DEVELOPMENT_TEAM = 6UQZ5F4979;
				GENERATE_INFOPLIST_FILE = YES;
				INFOPLIST_FILE = "sample-legacy-app/Info.plist";
				INFOPLIST_KEY_UIApplicationSupportsIndirectInputEvents = YES;
				INFOPLIST_KEY_UILaunchStoryboardName = LaunchScreen;
				INFOPLIST_KEY_UIMainStoryboardFile = Main;
				INFOPLIST_KEY_UISupportedInterfaceOrientations_iPad = "UIInterfaceOrientationPortrait UIInterfaceOrientationPortraitUpsideDown UIInterfaceOrientationLandscapeLeft UIInterfaceOrientationLandscapeRight";
				INFOPLIST_KEY_UISupportedInterfaceOrientations_iPhone = "UIInterfaceOrientationPortrait UIInterfaceOrientationLandscapeLeft UIInterfaceOrientationLandscapeRight";
				IPHONEOS_DEPLOYMENT_TARGET = 14.0;
				LD_RUNPATH_SEARCH_PATHS = (
					"$(inherited)",
					"@executable_path/Frameworks",
				);
				MARKETING_VERSION = 1.0;
				PRODUCT_BUNDLE_IDENTIFIER = "com.unissey.sample-legacy-app";
				PRODUCT_NAME = "$(TARGET_NAME)";
				SUPPORTED_PLATFORMS = "iphoneos iphonesimulator";
				SUPPORTS_MACCATALYST = YES;
				SUPPORTS_MAC_DESIGNED_FOR_IPHONE_IPAD = NO;
				SWIFT_EMIT_LOC_STRINGS = YES;
				SWIFT_VERSION = 5.0;
				TARGETED_DEVICE_FAMILY = "1,2";
			};
			name = Debug;
		};
		EEA99B5A2AAB1228000F6AA1 /* Release */ = {
			isa = XCBuildConfiguration;
			buildSettings = {
				ASSETCATALOG_COMPILER_APPICON_NAME = AppIcon;
				ASSETCATALOG_COMPILER_GLOBAL_ACCENT_COLOR_NAME = AccentColor;
				CODE_SIGN_ENTITLEMENTS = "sample-legacy-app/sample-legacy-app.entitlements";
				CODE_SIGN_STYLE = Automatic;
				CURRENT_PROJECT_VERSION = 1;
				DEVELOPMENT_TEAM = 6UQZ5F4979;
				GENERATE_INFOPLIST_FILE = YES;
				INFOPLIST_FILE = "sample-legacy-app/Info.plist";
				INFOPLIST_KEY_UIApplicationSupportsIndirectInputEvents = YES;
				INFOPLIST_KEY_UILaunchStoryboardName = LaunchScreen;
				INFOPLIST_KEY_UIMainStoryboardFile = Main;
				INFOPLIST_KEY_UISupportedInterfaceOrientations_iPad = "UIInterfaceOrientationPortrait UIInterfaceOrientationPortraitUpsideDown UIInterfaceOrientationLandscapeLeft UIInterfaceOrientationLandscapeRight";
				INFOPLIST_KEY_UISupportedInterfaceOrientations_iPhone = "UIInterfaceOrientationPortrait UIInterfaceOrientationLandscapeLeft UIInterfaceOrientationLandscapeRight";
				IPHONEOS_DEPLOYMENT_TARGET = 14.0;
				LD_RUNPATH_SEARCH_PATHS = (
					"$(inherited)",
					"@executable_path/Frameworks",
				);
				MARKETING_VERSION = 1.0;
				PRODUCT_BUNDLE_IDENTIFIER = "com.unissey.sample-legacy-app";
				PRODUCT_NAME = "$(TARGET_NAME)";
				SUPPORTED_PLATFORMS = "iphoneos iphonesimulator";
				SUPPORTS_MACCATALYST = YES;
				SUPPORTS_MAC_DESIGNED_FOR_IPHONE_IPAD = NO;
				SWIFT_EMIT_LOC_STRINGS = YES;
				SWIFT_VERSION = 5.0;
				TARGETED_DEVICE_FAMILY = "1,2";
			};
			name = Release;
		};
/* End XCBuildConfiguration section */

/* Begin XCConfigurationList section */
		EEA99B292AAB1227000F6AA1 /* Build configuration list for PBXProject "sample-legacy-app" */ = {
			isa = XCConfigurationList;
			buildConfigurations = (
				EEA99B562AAB1228000F6AA1 /* Debug */,
				EEA99B572AAB1228000F6AA1 /* Release */,
			);
			defaultConfigurationIsVisible = 0;
			defaultConfigurationName = Release;
		};
		EEA99B582AAB1228000F6AA1 /* Build configuration list for PBXNativeTarget "sample-legacy-app" */ = {
			isa = XCConfigurationList;
			buildConfigurations = (
				EEA99B592AAB1228000F6AA1 /* Debug */,
				EEA99B5A2AAB1228000F6AA1 /* Release */,
			);
			defaultConfigurationIsVisible = 0;
			defaultConfigurationName = Release;
		};
/* End XCConfigurationList section */

/* Begin XCRemoteSwiftPackageReference section */
		EE67C3262ABB256E00D734AA /* XCRemoteSwiftPackageReference "sdk-ios" */ = {
			isa = XCRemoteSwiftPackageReference;
			repositoryURL = "https://github.com/unissey/sdk-ios";
			requirement = {
				branch = v4.0.0;
				kind = branch;
			};
		};
/* End XCRemoteSwiftPackageReference section */

/* Begin XCSwiftPackageProductDependency section */
		EE67C3272ABB256E00D734AA /* UnisseySdk */ = {
			isa = XCSwiftPackageProductDependency;
			package = EE67C3262ABB256E00D734AA /* XCRemoteSwiftPackageReference "sdk-ios" */;
			productName = UnisseySdk;
		};
/* End XCSwiftPackageProductDependency section */
	};
	rootObject = EEA99B262AAB1227000F6AA1 /* Project object */;
}
