{
  "originHash" : "aa6333507fe37d4de3bdabbf494bbd7123c596cb9ca36bc792703a59e74745e3",
  "pins" : [
    {
      "identity" : "sdk-ios",
      "kind" : "remoteSourceControl",
      "location" : "https://github.com/unissey/sdk-ios",
      "state" : {
        "revision" : "3d5d0eb6dc3af6fee4461a5bdd6dc929d7671b24",
        "version" : "3.3.0"
      }
    }
  ],
  "version" : 3
}
