// !$*UTF8*$!
{
	archiveVersion = 1;
	classes = {
	};
	objectVersion = 56;
	objects = {

/* Begin PBXBuildFile section */
		EE15C8D02A3CBBE3007B849A /* InfoPlist.strings in Resources */ = {isa = PBXBuildFile; fileRef = EE15C8CE2A3CBAAB007B849A /* InfoPlist.strings */; };
		EE2205182A38A33000285B59 /* SampleSwiftUiApp.swift in Sources */ = {isa = PBXBuildFile; fileRef = EE2205172A38A33000285B59 /* SampleSwiftUiApp.swift */; };
		EE22051A2A38A33000285B59 /* ContentView.swift in Sources */ = {isa = PBXBuildFile; fileRef = EE2205192A38A33000285B59 /* ContentView.swift */; };
		EE22051C2A38A33100285B59 /* Assets.xcassets in Resources */ = {isa = PBXBuildFile; fileRef = EE22051B2A38A33100285B59 /* Assets.xcassets */; };
		EE22051F2A38A33100285B59 /* Preview Assets.xcassets in Resources */ = {isa = PBXBuildFile; fileRef = EE22051E2A38A33100285B59 /* Preview Assets.xcassets */; };
		EE8B90BF2ABDA1F200EF7453 /* UnisseySdk in Frameworks */ = {isa = PBXBuildFile; productRef = EE8B90BE2ABDA1F200EF7453 /* UnisseySdk */; };
		EEC106AC2A4ADA40008F421A /* VideoPlayerView.swift in Sources */ = {isa = PBXBuildFile; fileRef = EEC106AB2A4ADA40008F421A /* VideoPlayerView.swift */; };
		EEC437C52A9CF97800F79178 /* Localizable.strings in Resources */ = {isa = PBXBuildFile; fileRef = EEC437C72A9CF97800F79178 /* Localizable.strings */; };
/* End PBXBuildFile section */

/* Begin PBXCopyFilesBuildPhase section */
		EE7034ED2A3B193100D292D3 /* Embed Frameworks */ = {
			isa = PBXCopyFilesBuildPhase;
			buildActionMask = 2147483647;
			dstPath = "";
			dstSubfolderSpec = 10;
			files = (
			);
			name = "Embed Frameworks";
			runOnlyForDeploymentPostprocessing = 0;
		};
/* End PBXCopyFilesBuildPhase section */

/* Begin PBXFileReference section */
		EE15C8CD2A3CBAAB007B849A /* en */ = {isa = PBXFileReference; lastKnownFileType = text.plist.strings; name = en; path = en.lproj/InfoPlist.strings; sourceTree = "<group>"; };
		EE15C8CF2A3CBAAE007B849A /* fr */ = {isa = PBXFileReference; lastKnownFileType = text.plist.strings; name = fr; path = fr.lproj/InfoPlist.strings; sourceTree = "<group>"; };
		EE2205142A38A33000285B59 /* sample-swiftui-app.app */ = {isa = PBXFileReference; explicitFileType = wrapper.application; includeInIndex = 0; path = "sample-swiftui-app.app"; sourceTree = BUILT_PRODUCTS_DIR; };
		EE2205172A38A33000285B59 /* SampleSwiftUiApp.swift */ = {isa = PBXFileReference; lastKnownFileType = sourcecode.swift; path = SampleSwiftUiApp.swift; sourceTree = "<group>"; };
		EE2205192A38A33000285B59 /* ContentView.swift */ = {isa = PBXFileReference; lastKnownFileType = sourcecode.swift; path = ContentView.swift; sourceTree = "<group>"; };
		EE22051B2A38A33100285B59 /* Assets.xcassets */ = {isa = PBXFileReference; lastKnownFileType = folder.assetcatalog; path = Assets.xcassets; sourceTree = "<group>"; };
		EE22051E2A38A33100285B59 /* Preview Assets.xcassets */ = {isa = PBXFileReference; lastKnownFileType = folder.assetcatalog; path = "Preview Assets.xcassets"; sourceTree = "<group>"; };
		EE4E374E2A863086006B2D5F /* sample-swiftui-app.entitlements */ = {isa = PBXFileReference; lastKnownFileType = text.plist.entitlements; path = "sample-swiftui-app.entitlements"; sourceTree = "<group>"; };
		EEC106AB2A4ADA40008F421A /* VideoPlayerView.swift */ = {isa = PBXFileReference; lastKnownFileType = sourcecode.swift; path = VideoPlayerView.swift; sourceTree = "<group>"; };
		EEC437C62A9CF97800F79178 /* en */ = {isa = PBXFileReference; lastKnownFileType = text.plist.strings; name = en; path = en.lproj/Localizable.strings; sourceTree = "<group>"; };
		EEC437C82A9CF97B00F79178 /* fr */ = {isa = PBXFileReference; lastKnownFileType = text.plist.strings; name = fr; path = fr.lproj/Localizable.strings; sourceTree = "<group>"; };
/* End PBXFileReference section */

/* Begin PBXFrameworksBuildPhase section */
		EEB058672A3A0AE60017E72C /* Frameworks */ = {
			isa = PBXFrameworksBuildPhase;
			buildActionMask = 2147483647;
			files = (
				EE8B90BF2ABDA1F200EF7453 /* UnisseySdk in Frameworks */,
			);
			runOnlyForDeploymentPostprocessing = 0;
		};
/* End PBXFrameworksBuildPhase section */

/* Begin PBXGroup section */
		EE22050B2A38A33000285B59 = {
			isa = PBXGroup;
			children = (
				EE2205162A38A33000285B59 /* sample-swiftui-app */,
				EE2205152A38A33000285B59 /* Products */,
				EEB058642A3A09F00017E72C /* Frameworks */,
			);
			sourceTree = "<group>";
		};
		EE2205152A38A33000285B59 /* Products */ = {
			isa = PBXGroup;
			children = (
				EE2205142A38A33000285B59 /* sample-swiftui-app.app */,
			);
			name = Products;
			sourceTree = "<group>";
		};
		EE2205162A38A33000285B59 /* sample-swiftui-app */ = {
			isa = PBXGroup;
			children = (
				EE4E374E2A863086006B2D5F /* sample-swiftui-app.entitlements */,
				EE15C8CE2A3CBAAB007B849A /* InfoPlist.strings */,
				EE22051B2A38A33100285B59 /* Assets.xcassets */,
				EEC437C72A9CF97800F79178 /* Localizable.strings */,
				EE2205192A38A33000285B59 /* ContentView.swift */,
				EE2205172A38A33000285B59 /* SampleSwiftUiApp.swift */,
				EE22051D2A38A33100285B59 /* Preview Content */,
				EEC106A92A4ADA1F008F421A /* Ui */,
			);
			path = "sample-swiftui-app";
			sourceTree = "<group>";
		};
		EE22051D2A38A33100285B59 /* Preview Content */ = {
			isa = PBXGroup;
			children = (
				EE22051E2A38A33100285B59 /* Preview Assets.xcassets */,
			);
			path = "Preview Content";
			sourceTree = "<group>";
		};
		EEB058642A3A09F00017E72C /* Frameworks */ = {
			isa = PBXGroup;
			children = (
			);
			name = Frameworks;
			sourceTree = "<group>";
		};
		EEC106A92A4ADA1F008F421A /* Ui */ = {
			isa = PBXGroup;
			children = (
				EEC106AA2A4ADA2C008F421A /* Views */,
			);
			path = Ui;
			sourceTree = "<group>";
		};
		EEC106AA2A4ADA2C008F421A /* Views */ = {
			isa = PBXGroup;
			children = (
				EEC106AB2A4ADA40008F421A /* VideoPlayerView.swift */,
			);
			path = Views;
			sourceTree = "<group>";
		};
/* End PBXGroup section */

/* Begin PBXNativeTarget section */
		EE2205132A38A33000285B59 /* sample-swiftui-app */ = {
			isa = PBXNativeTarget;
			buildConfigurationList = EE2205382A38A33100285B59 /* Build configuration list for PBXNativeTarget "sample-swiftui-app" */;
			buildPhases = (
				EE2205102A38A33000285B59 /* Sources */,
				EE2205122A38A33000285B59 /* Resources */,
				EEB058672A3A0AE60017E72C /* Frameworks */,
				EE7034ED2A3B193100D292D3 /* Embed Frameworks */,
			);
			buildRules = (
			);
			dependencies = (
			);
			name = "sample-swiftui-app";
			packageProductDependencies = (
				EE8B90BE2ABDA1F200EF7453 /* UnisseySdk */,
			);
			productName = sampleswiftuiapp;
			productReference = EE2205142A38A33000285B59 /* sample-swiftui-app.app */;
			productType = "com.apple.product-type.application";
		};
/* End PBXNativeTarget section */

/* Begin PBXProject section */
		EE22050C2A38A33000285B59 /* Project object */ = {
			isa = PBXProject;
			attributes = {
				BuildIndependentTargetsInParallel = 1;
				LastSwiftUpdateCheck = 1430;
				LastUpgradeCheck = 1430;
				TargetAttributes = {
					EE2205132A38A33000285B59 = {
						CreatedOnToolsVersion = 14.3.1;
					};
				};
			};
			buildConfigurationList = EE22050F2A38A33000285B59 /* Build configuration list for PBXProject "sample-swiftui-app" */;
			compatibilityVersion = "Xcode 14.0";
			developmentRegion = en;
			hasScannedForEncodings = 0;
			knownRegions = (
				en,
				fr,
			);
			mainGroup = EE22050B2A38A33000285B59;
			packageReferences = (
				EE8B90BD2ABDA1F200EF7453 /* XCRemoteSwiftPackageReference "sdk-ios" */,
			);
			productRefGroup = EE2205152A38A33000285B59 /* Products */;
			projectDirPath = "";
			projectRoot = "";
			targets = (
				EE2205132A38A33000285B59 /* sample-swiftui-app */,
			);
		};
/* End PBXProject section */

/* Begin PBXResourcesBuildPhase section */
		EE2205122A38A33000285B59 /* Resources */ = {
			isa = PBXResourcesBuildPhase;
			buildActionMask = 2147483647;
			files = (
				EE22051F2A38A33100285B59 /* Preview Assets.xcassets in Resources */,
				EEC437C52A9CF97800F79178 /* Localizable.strings in Resources */,
				EE15C8D02A3CBBE3007B849A /* InfoPlist.strings in Resources */,
				EE22051C2A38A33100285B59 /* Assets.xcassets in Resources */,
			);
			runOnlyForDeploymentPostprocessing = 0;
		};
/* End PBXResourcesBuildPhase section */

/* Begin PBXSourcesBuildPhase section */
		EE2205102A38A33000285B59 /* Sources */ = {
			isa = PBXSourcesBuildPhase;
			buildActionMask = 2147483647;
			files = (
				EE22051A2A38A33000285B59 /* ContentView.swift in Sources */,
				EE2205182A38A33000285B59 /* SampleSwiftUiApp.swift in Sources */,
				EEC106AC2A4ADA40008F421A /* VideoPlayerView.swift in Sources */,
			);
			runOnlyForDeploymentPostprocessing = 0;
		};
/* End PBXSourcesBuildPhase section */

/* Begin PBXVariantGroup section */
		EE15C8CE2A3CBAAB007B849A /* InfoPlist.strings */ = {
			isa = PBXVariantGroup;
			children = (
				EE15C8CD2A3CBAAB007B849A /* en */,
				EE15C8CF2A3CBAAE007B849A /* fr */,
			);
			name = InfoPlist.strings;
			sourceTree = "<group>";
		};
		EEC437C72A9CF97800F79178 /* Localizable.strings */ = {
			isa = PBXVariantGroup;
			children = (
				EEC437C62A9CF97800F79178 /* en */,
				EEC437C82A9CF97B00F79178 /* fr */,
			);
			name = Localizable.strings;
			sourceTree = "<group>";
		};
/* End PBXVariantGroup section */

/* Begin XCBuildConfiguration section */
		EE2205362A38A33100285B59 /* Debug */ = {
			isa = XCBuildConfiguration;
			buildSettings = {
				ALWAYS_SEARCH_USER_PATHS = NO;
				CLANG_ANALYZER_NONNULL = YES;
				CLANG_ANALYZER_NUMBER_OBJECT_CONVERSION = YES_AGGRESSIVE;
				CLANG_CXX_LANGUAGE_STANDARD = "gnu++20";
				CLANG_ENABLE_MODULES = YES;
				CLANG_ENABLE_OBJC_ARC = YES;
				CLANG_ENABLE_OBJC_WEAK = YES;
				CLANG_WARN_BLOCK_CAPTURE_AUTORELEASING = YES;
				CLANG_WARN_BOOL_CONVERSION = YES;
				CLANG_WARN_COMMA = YES;
				CLANG_WARN_CONSTANT_CONVERSION = YES;
				CLANG_WARN_DEPRECATED_OBJC_IMPLEMENTATIONS = YES;
				CLANG_WARN_DIRECT_OBJC_ISA_USAGE = YES_ERROR;
				CLANG_WARN_DOCUMENTATION_COMMENTS = YES;
				CLANG_WARN_EMPTY_BODY = YES;
				CLANG_WARN_ENUM_CONVERSION = YES;
				CLANG_WARN_INFINITE_RECURSION = YES;
				CLANG_WARN_INT_CONVERSION = YES;
				CLANG_WARN_NON_LITERAL_NULL_CONVERSION = YES;
				CLANG_WARN_OBJC_IMPLICIT_RETAIN_SELF = YES;
				CLANG_WARN_OBJC_LITERAL_CONVERSION = YES;
				CLANG_WARN_OBJC_ROOT_CLASS = YES_ERROR;
				CLANG_WARN_QUOTED_INCLUDE_IN_FRAMEWORK_HEADER = YES;
				CLANG_WARN_RANGE_LOOP_ANALYSIS = YES;
				CLANG_WARN_STRICT_PROTOTYPES = YES;
				CLANG_WARN_SUSPICIOUS_MOVE = YES;
				CLANG_WARN_UNGUARDED_AVAILABILITY = YES_AGGRESSIVE;
				CLANG_WARN_UNREACHABLE_CODE = YES;
				CLANG_WARN__DUPLICATE_METHOD_MATCH = YES;
				COPY_PHASE_STRIP = NO;
				DEBUG_INFORMATION_FORMAT = dwarf;
				ENABLE_STRICT_OBJC_MSGSEND = YES;
				ENABLE_TESTABILITY = YES;
				GCC_C_LANGUAGE_STANDARD = gnu11;
				GCC_DYNAMIC_NO_PIC = NO;
				GCC_NO_COMMON_BLOCKS = YES;
				GCC_OPTIMIZATION_LEVEL = 0;
				GCC_PREPROCESSOR_DEFINITIONS = (
					"DEBUG=1",
					"$(inherited)",
				);
				GCC_WARN_64_TO_32_BIT_CONVERSION = YES;
				GCC_WARN_ABOUT_RETURN_TYPE = YES_ERROR;
				GCC_WARN_UNDECLARED_SELECTOR = YES;
				GCC_WARN_UNINITIALIZED_AUTOS = YES_AGGRESSIVE;
				GCC_WARN_UNUSED_FUNCTION = YES;
				GCC_WARN_UNUSED_VARIABLE = YES;
				IPHONEOS_DEPLOYMENT_TARGET = 16.4;
				MTL_ENABLE_DEBUG_INFO = INCLUDE_SOURCE;
				MTL_FAST_MATH = YES;
				ONLY_ACTIVE_ARCH = YES;
				SDKROOT = iphoneos;
				SWIFT_ACTIVE_COMPILATION_CONDITIONS = DEBUG;
				SWIFT_OPTIMIZATION_LEVEL = "-Onone";
			};
			name = Debug;
		};
		EE2205372A38A33100285B59 /* Release */ = {
			isa = XCBuildConfiguration;
			buildSettings = {
				ALWAYS_SEARCH_USER_PATHS = NO;
				CLANG_ANALYZER_NONNULL = YES;
				CLANG_ANALYZER_NUMBER_OBJECT_CONVERSION = YES_AGGRESSIVE;
				CLANG_CXX_LANGUAGE_STANDARD = "gnu++20";
				CLANG_ENABLE_MODULES = YES;
				CLANG_ENABLE_OBJC_ARC = YES;
				CLANG_ENABLE_OBJC_WEAK = YES;
				CLANG_WARN_BLOCK_CAPTURE_AUTORELEASING = YES;
				CLANG_WARN_BOOL_CONVERSION = YES;
				CLANG_WARN_COMMA = YES;
				CLANG_WARN_CONSTANT_CONVERSION = YES;
				CLANG_WARN_DEPRECATED_OBJC_IMPLEMENTATIONS = YES;
				CLANG_WARN_DIRECT_OBJC_ISA_USAGE = YES_ERROR;
				CLANG_WARN_DOCUMENTATION_COMMENTS = YES;
				CLANG_WARN_EMPTY_BODY = YES;
				CLANG_WARN_ENUM_CONVERSION = YES;
				CLANG_WARN_INFINITE_RECURSION = YES;
				CLANG_WARN_INT_CONVERSION = YES;
				CLANG_WARN_NON_LITERAL_NULL_CONVERSION = YES;
				CLANG_WARN_OBJC_IMPLICIT_RETAIN_SELF = YES;
				CLANG_WARN_OBJC_LITERAL_CONVERSION = YES;
				CLANG_WARN_OBJC_ROOT_CLASS = YES_ERROR;
				CLANG_WARN_QUOTED_INCLUDE_IN_FRAMEWORK_HEADER = YES;
				CLANG_WARN_RANGE_LOOP_ANALYSIS = YES;
				CLANG_WARN_STRICT_PROTOTYPES = YES;
				CLANG_WARN_SUSPICIOUS_MOVE = YES;
				CLANG_WARN_UNGUARDED_AVAILABILITY = YES_AGGRESSIVE;
				CLANG_WARN_UNREACHABLE_CODE = YES;
				CLANG_WARN__DUPLICATE_METHOD_MATCH = YES;
				COPY_PHASE_STRIP = NO;
				DEBUG_INFORMATION_FORMAT = "dwarf-with-dsym";
				ENABLE_NS_ASSERTIONS = NO;
				ENABLE_STRICT_OBJC_MSGSEND = YES;
				GCC_C_LANGUAGE_STANDARD = gnu11;
				GCC_NO_COMMON_BLOCKS = YES;
				GCC_WARN_64_TO_32_BIT_CONVERSION = YES;
				GCC_WARN_ABOUT_RETURN_TYPE = YES_ERROR;
				GCC_WARN_UNDECLARED_SELECTOR = YES;
				GCC_WARN_UNINITIALIZED_AUTOS = YES_AGGRESSIVE;
				GCC_WARN_UNUSED_FUNCTION = YES;
				GCC_WARN_UNUSED_VARIABLE = YES;
				IPHONEOS_DEPLOYMENT_TARGET = 16.4;
				MTL_ENABLE_DEBUG_INFO = NO;
				MTL_FAST_MATH = YES;
				SDKROOT = iphoneos;
				SWIFT_COMPILATION_MODE = wholemodule;
				SWIFT_OPTIMIZATION_LEVEL = "-O";
				VALIDATE_PRODUCT = YES;
			};
			name = Release;
		};
		EE2205392A38A33100285B59 /* Debug */ = {
			isa = XCBuildConfiguration;
			buildSettings = {
				ASSETCATALOG_COMPILER_APPICON_NAME = AppIcon;
				ASSETCATALOG_COMPILER_GLOBAL_ACCENT_COLOR_NAME = AccentColor;
				CODE_SIGN_ENTITLEMENTS = "sample-swiftui-app/sample-swiftui-app.entitlements";
				CODE_SIGN_STYLE = Automatic;
				CURRENT_PROJECT_VERSION = 1;
				DEVELOPMENT_ASSET_PATHS = "\"sample-swiftui-app/Preview Content\"";
				DEVELOPMENT_TEAM = 6UQZ5F4979;
				ENABLE_PREVIEWS = YES;
				GENERATE_INFOPLIST_FILE = YES;
				INFOPLIST_FILE = "";
				INFOPLIST_KEY_UIApplicationSceneManifest_Generation = YES;
				INFOPLIST_KEY_UIApplicationSupportsIndirectInputEvents = YES;
				INFOPLIST_KEY_UILaunchScreen_Generation = YES;
				INFOPLIST_KEY_UISupportedInterfaceOrientations_iPad = "UIInterfaceOrientationPortrait UIInterfaceOrientationPortraitUpsideDown UIInterfaceOrientationLandscapeLeft UIInterfaceOrientationLandscapeRight";
				INFOPLIST_KEY_UISupportedInterfaceOrientations_iPhone = "UIInterfaceOrientationPortrait UIInterfaceOrientationLandscapeLeft UIInterfaceOrientationLandscapeRight";
				IPHONEOS_DEPLOYMENT_TARGET = 14.0;
				LD_RUNPATH_SEARCH_PATHS = (
					"$(inherited)",
					"@executable_path/Frameworks",
				);
				MARKETING_VERSION = 1.0;
				PRODUCT_BUNDLE_IDENTIFIER = "com.unissey.sample-swiftui-app";
				PRODUCT_NAME = "$(TARGET_NAME)";
				SUPPORTED_PLATFORMS = "iphoneos iphonesimulator";
				SUPPORTS_MACCATALYST = YES;
				SUPPORTS_MAC_DESIGNED_FOR_IPHONE_IPAD = NO;
				SWIFT_EMIT_LOC_STRINGS = YES;
				SWIFT_VERSION = 5.0;
				TARGETED_DEVICE_FAMILY = "1,2";
			};
			name = Debug;
		};
		EE22053A2A38A33100285B59 /* Release */ = {
			isa = XCBuildConfiguration;
			buildSettings = {
				ASSETCATALOG_COMPILER_APPICON_NAME = AppIcon;
				ASSETCATALOG_COMPILER_GLOBAL_ACCENT_COLOR_NAME = AccentColor;
				CODE_SIGN_ENTITLEMENTS = "sample-swiftui-app/sample-swiftui-app.entitlements";
				CODE_SIGN_STYLE = Automatic;
				CURRENT_PROJECT_VERSION = 1;
				DEVELOPMENT_ASSET_PATHS = "\"sample-swiftui-app/Preview Content\"";
				DEVELOPMENT_TEAM = 6UQZ5F4979;
				ENABLE_PREVIEWS = YES;
				GENERATE_INFOPLIST_FILE = YES;
				INFOPLIST_FILE = "";
				INFOPLIST_KEY_UIApplicationSceneManifest_Generation = YES;
				INFOPLIST_KEY_UIApplicationSupportsIndirectInputEvents = YES;
				INFOPLIST_KEY_UILaunchScreen_Generation = YES;
				INFOPLIST_KEY_UISupportedInterfaceOrientations_iPad = "UIInterfaceOrientationPortrait UIInterfaceOrientationPortraitUpsideDown UIInterfaceOrientationLandscapeLeft UIInterfaceOrientationLandscapeRight";
				INFOPLIST_KEY_UISupportedInterfaceOrientations_iPhone = "UIInterfaceOrientationPortrait UIInterfaceOrientationLandscapeLeft UIInterfaceOrientationLandscapeRight";
				IPHONEOS_DEPLOYMENT_TARGET = 14.0;
				LD_RUNPATH_SEARCH_PATHS = (
					"$(inherited)",
					"@executable_path/Frameworks",
				);
				MARKETING_VERSION = 1.0;
				PRODUCT_BUNDLE_IDENTIFIER = "com.unissey.sample-swiftui-app";
				PRODUCT_NAME = "$(TARGET_NAME)";
				SUPPORTED_PLATFORMS = "iphoneos iphonesimulator";
				SUPPORTS_MACCATALYST = YES;
				SUPPORTS_MAC_DESIGNED_FOR_IPHONE_IPAD = NO;
				SWIFT_EMIT_LOC_STRINGS = YES;
				SWIFT_VERSION = 5.0;
				TARGETED_DEVICE_FAMILY = "1,2";
			};
			name = Release;
		};
/* End XCBuildConfiguration section */

/* Begin XCConfigurationList section */
		EE22050F2A38A33000285B59 /* Build configuration list for PBXProject "sample-swiftui-app" */ = {
			isa = XCConfigurationList;
			buildConfigurations = (
				EE2205362A38A33100285B59 /* Debug */,
				EE2205372A38A33100285B59 /* Release */,
			);
			defaultConfigurationIsVisible = 0;
			defaultConfigurationName = Release;
		};
		EE2205382A38A33100285B59 /* Build configuration list for PBXNativeTarget "sample-swiftui-app" */ = {
			isa = XCConfigurationList;
			buildConfigurations = (
				EE2205392A38A33100285B59 /* Debug */,
				EE22053A2A38A33100285B59 /* Release */,
			);
			defaultConfigurationIsVisible = 0;
			defaultConfigurationName = Release;
		};
/* End XCConfigurationList section */

/* Begin XCRemoteSwiftPackageReference section */
		EE8B90BD2ABDA1F200EF7453 /* XCRemoteSwiftPackageReference "sdk-ios" */ = {
			isa = XCRemoteSwiftPackageReference;
			repositoryURL = "https://github.com/unissey/sdk-ios";
			requirement = {
				kind = upToNextMajorVersion;
				minimumVersion = 3.0.0;
			};
		};
/* End XCRemoteSwiftPackageReference section */

/* Begin XCSwiftPackageProductDependency section */
		EE8B90BE2ABDA1F200EF7453 /* UnisseySdk */ = {
			isa = XCSwiftPackageProductDependency;
			package = EE8B90BD2ABDA1F200EF7453 /* XCRemoteSwiftPackageReference "sdk-ios" */;
			productName = UnisseySdk;
		};
/* End XCSwiftPackageProductDependency section */
	};
	rootObject = EE22050C2A38A33000285B59 /* Project object */;
}
