{
  "object": {
    "pins": [
      {
        "package": "Deepsense",
        "repositoryURL": "https://github.com/thedeepsense/sdk-ios",
        "state": {
          "branch": null,
          "revision": "646f721f040512e71257116861848e34ec2a6e95",
          "version": "0.4.1"
        }
      }
    ]
  },
  "version": 1
}
