// !$*UTF8*$!
{
	archiveVersion = 1;
	classes = {
	};
	objectVersion = 52;
	objects = {

/* Begin PBXBuildFile section */
		09ECF3DB279FE59700688B2D /* UnisseySDK in Frameworks */ = {isa = PBXBuildFile; productRef = 09ECF3DA279FE59700688B2D /* UnisseySDK */; };
		DCE4AAEF2684922A00FCF18E /* sample_appApp.swift in Sources */ = {isa = PBXBuildFile; fileRef = DCE4AAEE2684922A00FCF18E /* sample_appApp.swift */; };
		DCE4AAF12684922A00FCF18E /* ContentView.swift in Sources */ = {isa = PBXBuildFile; fileRef = DCE4AAF02684922A00FCF18E /* ContentView.swift */; };
		DCE4AAF32684922B00FCF18E /* Assets.xcassets in Resources */ = {isa = PBXBuildFile; fileRef = DCE4AAF22684922B00FCF18E /* Assets.xcassets */; };
		DCE4AAF62684922B00FCF18E /* Preview Assets.xcassets in Resources */ = {isa = PBXBuildFile; fileRef = DCE4AAF52684922B00FCF18E /* Preview Assets.xcassets */; };
/* End PBXBuildFile section */

/* Begin PBXFileReference section */
		DCE4AAEB2684922A00FCF18E /* sample-app.app */ = {isa = PBXFileReference; explicitFileType = wrapper.application; includeInIndex = 0; path = "sample-app.app"; sourceTree = BUILT_PRODUCTS_DIR; };
		DCE4AAEE2684922A00FCF18E /* sample_appApp.swift */ = {isa = PBXFileReference; lastKnownFileType = sourcecode.swift; path = sample_appApp.swift; sourceTree = "<group>"; };
		DCE4AAF02684922A00FCF18E /* ContentView.swift */ = {isa = PBXFileReference; lastKnownFileType = sourcecode.swift; path = ContentView.swift; sourceTree = "<group>"; };
		DCE4AAF22684922B00FCF18E /* Assets.xcassets */ = {isa = PBXFileReference; lastKnownFileType = folder.assetcatalog; path = Assets.xcassets; sourceTree = "<group>"; };
		DCE4AAF52684922B00FCF18E /* Preview Assets.xcassets */ = {isa = PBXFileReference; lastKnownFileType = folder.assetcatalog; path = "Preview Assets.xcassets"; sourceTree = "<group>"; };
		DCE4AAF72684922B00FCF18E /* Info.plist */ = {isa = PBXFileReference; lastKnownFileType = text.plist.xml; path = Info.plist; sourceTree = "<group>"; };
/* End PBXFileReference section */

/* Begin PBXFrameworksBuildPhase section */
		DCE4AAE82684922A00FCF18E /* Frameworks */ = {
			isa = PBXFrameworksBuildPhase;
			buildActionMask = 2147483647;
			files = (
				09ECF3DB279FE59700688B2D /* UnisseySDK in Frameworks */,
			);
			runOnlyForDeploymentPostprocessing = 0;
		};
/* End PBXFrameworksBuildPhase section */

/* Begin PBXGroup section */
		09ECF3CF279EF43500688B2D /* Packages */ = {
			isa = PBXGroup;
			children = (
			);
			name = Packages;
			sourceTree = "<group>";
		};
		09ECF3D3279F0C5D00688B2D /* Frameworks */ = {
			isa = PBXGroup;
			children = (
			);
			name = Frameworks;
			sourceTree = "<group>";
		};
		DCE4AAE22684922A00FCF18E = {
			isa = PBXGroup;
			children = (
				09ECF3CF279EF43500688B2D /* Packages */,
				DCE4AAED2684922A00FCF18E /* sample-app */,
				DCE4AAEC2684922A00FCF18E /* Products */,
				09ECF3D3279F0C5D00688B2D /* Frameworks */,
			);
			sourceTree = "<group>";
		};
		DCE4AAEC2684922A00FCF18E /* Products */ = {
			isa = PBXGroup;
			children = (
				DCE4AAEB2684922A00FCF18E /* sample-app.app */,
			);
			name = Products;
			sourceTree = "<group>";
		};
		DCE4AAED2684922A00FCF18E /* sample-app */ = {
			isa = PBXGroup;
			children = (
				DCE4AAEE2684922A00FCF18E /* sample_appApp.swift */,
				DCE4AAF02684922A00FCF18E /* ContentView.swift */,
				DCE4AAF22684922B00FCF18E /* Assets.xcassets */,
				DCE4AAF72684922B00FCF18E /* Info.plist */,
				DCE4AAF42684922B00FCF18E /* Preview Content */,
			);
			path = "sample-app";
			sourceTree = "<group>";
		};
		DCE4AAF42684922B00FCF18E /* Preview Content */ = {
			isa = PBXGroup;
			children = (
				DCE4AAF52684922B00FCF18E /* Preview Assets.xcassets */,
			);
			path = "Preview Content";
			sourceTree = "<group>";
		};
/* End PBXGroup section */

/* Begin PBXNativeTarget section */
		DCE4AAEA2684922A00FCF18E /* sample-app */ = {
			isa = PBXNativeTarget;
			buildConfigurationList = DCE4AAFA2684922B00FCF18E /* Build configuration list for PBXNativeTarget "sample-app" */;
			buildPhases = (
				DCE4AAE72684922A00FCF18E /* Sources */,
				DCE4AAE82684922A00FCF18E /* Frameworks */,
				DCE4AAE92684922A00FCF18E /* Resources */,
			);
			buildRules = (
			);
			dependencies = (
			);
			name = "sample-app";
			packageProductDependencies = (
				09ECF3DA279FE59700688B2D /* UnisseySDK */,
			);
			productName = "sample-app";
			productReference = DCE4AAEB2684922A00FCF18E /* sample-app.app */;
			productType = "com.apple.product-type.application";
		};
/* End PBXNativeTarget section */

/* Begin PBXProject section */
		DCE4AAE32684922A00FCF18E /* Project object */ = {
			isa = PBXProject;
			attributes = {
				LastSwiftUpdateCheck = 1250;
				LastUpgradeCheck = 1250;
				TargetAttributes = {
					DCE4AAEA2684922A00FCF18E = {
						CreatedOnToolsVersion = 12.5.1;
					};
				};
			};
			buildConfigurationList = DCE4AAE62684922A00FCF18E /* Build configuration list for PBXProject "sample-app" */;
			compatibilityVersion = "Xcode 9.3";
			developmentRegion = en;
			hasScannedForEncodings = 0;
			knownRegions = (
				en,
				Base,
			);
			mainGroup = DCE4AAE22684922A00FCF18E;
			packageReferences = (
				09ECF3D9279FE59700688B2D /* XCRemoteSwiftPackageReference "sdk-ios" */,
			);
			productRefGroup = DCE4AAEC2684922A00FCF18E /* Products */;
			projectDirPath = "";
			projectRoot = "";
			targets = (
				DCE4AAEA2684922A00FCF18E /* sample-app */,
			);
		};
/* End PBXProject section */

/* Begin PBXResourcesBuildPhase section */
		DCE4AAE92684922A00FCF18E /* Resources */ = {
			isa = PBXResourcesBuildPhase;
			buildActionMask = 2147483647;
			files = (
				DCE4AAF62684922B00FCF18E /* Preview Assets.xcassets in Resources */,
				DCE4AAF32684922B00FCF18E /* Assets.xcassets in Resources */,
			);
			runOnlyForDeploymentPostprocessing = 0;
		};
/* End PBXResourcesBuildPhase section */

/* Begin PBXSourcesBuildPhase section */
		DCE4AAE72684922A00FCF18E /* Sources */ = {
			isa = PBXSourcesBuildPhase;
			buildActionMask = 2147483647;
			files = (
				DCE4AAF12684922A00FCF18E /* ContentView.swift in Sources */,
				DCE4AAEF2684922A00FCF18E /* sample_appApp.swift in Sources */,
			);
			runOnlyForDeploymentPostprocessing = 0;
		};
/* End PBXSourcesBuildPhase section */

/* Begin XCBuildConfiguration section */
		DCE4AAF82684922B00FCF18E /* Debug */ = {
			isa = XCBuildConfiguration;
			buildSettings = {
				ALWAYS_SEARCH_USER_PATHS = NO;
				CLANG_ANALYZER_NONNULL = YES;
				CLANG_ANALYZER_NUMBER_OBJECT_CONVERSION = YES_AGGRESSIVE;
				CLANG_CXX_LANGUAGE_STANDARD = "gnu++14";
				CLANG_CXX_LIBRARY = "libc++";
				CLANG_ENABLE_MODULES = YES;
				CLANG_ENABLE_OBJC_ARC = YES;
				CLANG_ENABLE_OBJC_WEAK = YES;
				CLANG_WARN_BLOCK_CAPTURE_AUTORELEASING = YES;
				CLANG_WARN_BOOL_CONVERSION = YES;
				CLANG_WARN_COMMA = YES;
				CLANG_WARN_CONSTANT_CONVERSION = YES;
				CLANG_WARN_DEPRECATED_OBJC_IMPLEMENTATIONS = YES;
				CLANG_WARN_DIRECT_OBJC_ISA_USAGE = YES_ERROR;
				CLANG_WARN_DOCUMENTATION_COMMENTS = YES;
				CLANG_WARN_EMPTY_BODY = YES;
				CLANG_WARN_ENUM_CONVERSION = YES;
				CLANG_WARN_INFINITE_RECURSION = YES;
				CLANG_WARN_INT_CONVERSION = YES;
				CLANG_WARN_NON_LITERAL_NULL_CONVERSION = YES;
				CLANG_WARN_OBJC_IMPLICIT_RETAIN_SELF = YES;
				CLANG_WARN_OBJC_LITERAL_CONVERSION = YES;
				CLANG_WARN_OBJC_ROOT_CLASS = YES_ERROR;
				CLANG_WARN_QUOTED_INCLUDE_IN_FRAMEWORK_HEADER = YES;
				CLANG_WARN_RANGE_LOOP_ANALYSIS = YES;
				CLANG_WARN_STRICT_PROTOTYPES = YES;
				CLANG_WARN_SUSPICIOUS_MOVE = YES;
				CLANG_WARN_UNGUARDED_AVAILABILITY = YES_AGGRESSIVE;
				CLANG_WARN_UNREACHABLE_CODE = YES;
				CLANG_WARN__DUPLICATE_METHOD_MATCH = YES;
				COPY_PHASE_STRIP = NO;
				DEBUG_INFORMATION_FORMAT = dwarf;
				ENABLE_STRICT_OBJC_MSGSEND = YES;
				ENABLE_TESTABILITY = YES;
				GCC_C_LANGUAGE_STANDARD = gnu11;
				GCC_DYNAMIC_NO_PIC = NO;
				GCC_NO_COMMON_BLOCKS = YES;
				GCC_OPTIMIZATION_LEVEL = 0;
				GCC_PREPROCESSOR_DEFINITIONS = (
					"DEBUG=1",
					"$(inherited)",
				);
				GCC_WARN_64_TO_32_BIT_CONVERSION = YES;
				GCC_WARN_ABOUT_RETURN_TYPE = YES_ERROR;
				GCC_WARN_UNDECLARED_SELECTOR = YES;
				GCC_WARN_UNINITIALIZED_AUTOS = YES_AGGRESSIVE;
				GCC_WARN_UNUSED_FUNCTION = YES;
				GCC_WARN_UNUSED_VARIABLE = YES;
				IPHONEOS_DEPLOYMENT_TARGET = 14.5;
				MTL_ENABLE_DEBUG_INFO = INCLUDE_SOURCE;
				MTL_FAST_MATH = YES;
				ONLY_ACTIVE_ARCH = YES;
				SDKROOT = iphoneos;
				SWIFT_ACTIVE_COMPILATION_CONDITIONS = DEBUG;
				SWIFT_OPTIMIZATION_LEVEL = "-Onone";
			};
			name = Debug;
		};
		DCE4AAF92684922B00FCF18E /* Release */ = {
			isa = XCBuildConfiguration;
			buildSettings = {
				ALWAYS_SEARCH_USER_PATHS = NO;
				CLANG_ANALYZER_NONNULL = YES;
				CLANG_ANALYZER_NUMBER_OBJECT_CONVERSION = YES_AGGRESSIVE;
				CLANG_CXX_LANGUAGE_STANDARD = "gnu++14";
				CLANG_CXX_LIBRARY = "libc++";
				CLANG_ENABLE_MODULES = YES;
				CLANG_ENABLE_OBJC_ARC = YES;
				CLANG_ENABLE_OBJC_WEAK = YES;
				CLANG_WARN_BLOCK_CAPTURE_AUTORELEASING = YES;
				CLANG_WARN_BOOL_CONVERSION = YES;
				CLANG_WARN_COMMA = YES;
				CLANG_WARN_CONSTANT_CONVERSION = YES;
				CLANG_WARN_DEPRECATED_OBJC_IMPLEMENTATIONS = YES;
				CLANG_WARN_DIRECT_OBJC_ISA_USAGE = YES_ERROR;
				CLANG_WARN_DOCUMENTATION_COMMENTS = YES;
				CLANG_WARN_EMPTY_BODY = YES;
				CLANG_WARN_ENUM_CONVERSION = YES;
				CLANG_WARN_INFINITE_RECURSION = YES;
				CLANG_WARN_INT_CONVERSION = YES;
				CLANG_WARN_NON_LITERAL_NULL_CONVERSION = YES;
				CLANG_WARN_OBJC_IMPLICIT_RETAIN_SELF = YES;
				CLANG_WARN_OBJC_LITERAL_CONVERSION = YES;
				CLANG_WARN_OBJC_ROOT_CLASS = YES_ERROR;
				CLANG_WARN_QUOTED_INCLUDE_IN_FRAMEWORK_HEADER = YES;
				CLANG_WARN_RANGE_LOOP_ANALYSIS = YES;
				CLANG_WARN_STRICT_PROTOTYPES = YES;
				CLANG_WARN_SUSPICIOUS_MOVE = YES;
				CLANG_WARN_UNGUARDED_AVAILABILITY = YES_AGGRESSIVE;
				CLANG_WARN_UNREACHABLE_CODE = YES;
				CLANG_WARN__DUPLICATE_METHOD_MATCH = YES;
				COPY_PHASE_STRIP = NO;
				DEBUG_INFORMATION_FORMAT = "dwarf-with-dsym";
				ENABLE_NS_ASSERTIONS = NO;
				ENABLE_STRICT_OBJC_MSGSEND = YES;
				GCC_C_LANGUAGE_STANDARD = gnu11;
				GCC_NO_COMMON_BLOCKS = YES;
				GCC_WARN_64_TO_32_BIT_CONVERSION = YES;
				GCC_WARN_ABOUT_RETURN_TYPE = YES_ERROR;
				GCC_WARN_UNDECLARED_SELECTOR = YES;
				GCC_WARN_UNINITIALIZED_AUTOS = YES_AGGRESSIVE;
				GCC_WARN_UNUSED_FUNCTION = YES;
				GCC_WARN_UNUSED_VARIABLE = YES;
				IPHONEOS_DEPLOYMENT_TARGET = 14.5;
				MTL_ENABLE_DEBUG_INFO = NO;
				MTL_FAST_MATH = YES;
				SDKROOT = iphoneos;
				SWIFT_COMPILATION_MODE = wholemodule;
				SWIFT_OPTIMIZATION_LEVEL = "-O";
				VALIDATE_PRODUCT = YES;
			};
			name = Release;
		};
		DCE4AAFB2684922B00FCF18E /* Debug */ = {
			isa = XCBuildConfiguration;
			buildSettings = {
				ASSETCATALOG_COMPILER_APPICON_NAME = AppIcon;
				ASSETCATALOG_COMPILER_GLOBAL_ACCENT_COLOR_NAME = AccentColor;
				CODE_SIGN_STYLE = Automatic;
				DEVELOPMENT_ASSET_PATHS = "\"sample-app/Preview Content\"";
				DEVELOPMENT_TEAM = 6UQZ5F4979;
				ENABLE_PREVIEWS = YES;
				INFOPLIST_FILE = "sample-app/Info.plist";
				IPHONEOS_DEPLOYMENT_TARGET = 14.0;
				LD_RUNPATH_SEARCH_PATHS = (
					"$(inherited)",
					"@executable_path/Frameworks",
				);
				PRODUCT_BUNDLE_IDENTIFIER = "co.thedeepsense.sample-app";
				PRODUCT_NAME = "$(TARGET_NAME)";
				SWIFT_VERSION = 5.0;
				TARGETED_DEVICE_FAMILY = "1,2";
			};
			name = Debug;
		};
		DCE4AAFC2684922B00FCF18E /* Release */ = {
			isa = XCBuildConfiguration;
			buildSettings = {
				ASSETCATALOG_COMPILER_APPICON_NAME = AppIcon;
				ASSETCATALOG_COMPILER_GLOBAL_ACCENT_COLOR_NAME = AccentColor;
				CODE_SIGN_STYLE = Automatic;
				DEVELOPMENT_ASSET_PATHS = "\"sample-app/Preview Content\"";
				DEVELOPMENT_TEAM = 6UQZ5F4979;
				ENABLE_PREVIEWS = YES;
				INFOPLIST_FILE = "sample-app/Info.plist";
				IPHONEOS_DEPLOYMENT_TARGET = 14.0;
				LD_RUNPATH_SEARCH_PATHS = (
					"$(inherited)",
					"@executable_path/Frameworks",
				);
				PRODUCT_BUNDLE_IDENTIFIER = "co.thedeepsense.sample-app";
				PRODUCT_NAME = "$(TARGET_NAME)";
				SWIFT_VERSION = 5.0;
				TARGETED_DEVICE_FAMILY = "1,2";
			};
			name = Release;
		};
/* End XCBuildConfiguration section */

/* Begin XCConfigurationList section */
		DCE4AAE62684922A00FCF18E /* Build configuration list for PBXProject "sample-app" */ = {
			isa = XCConfigurationList;
			buildConfigurations = (
				DCE4AAF82684922B00FCF18E /* Debug */,
				DCE4AAF92684922B00FCF18E /* Release */,
			);
			defaultConfigurationIsVisible = 0;
			defaultConfigurationName = Release;
		};
		DCE4AAFA2684922B00FCF18E /* Build configuration list for PBXNativeTarget "sample-app" */ = {
			isa = XCConfigurationList;
			buildConfigurations = (
				DCE4AAFB2684922B00FCF18E /* Debug */,
				DCE4AAFC2684922B00FCF18E /* Release */,
			);
			defaultConfigurationIsVisible = 0;
			defaultConfigurationName = Release;
		};
/* End XCConfigurationList section */

/* Begin XCRemoteSwiftPackageReference section */
		09ECF3D9279FE59700688B2D /* XCRemoteSwiftPackageReference "sdk-ios" */ = {
			isa = XCRemoteSwiftPackageReference;
			repositoryURL = "https://github.com/unissey/sdk-ios.git";
			requirement = {
				kind = upToNextMajorVersion;
				minimumVersion = 0.4.0;
			};
		};
/* End XCRemoteSwiftPackageReference section */

/* Begin XCSwiftPackageProductDependency section */
		09ECF3DA279FE59700688B2D /* UnisseySDK */ = {
			isa = XCSwiftPackageProductDependency;
			package = 09ECF3D9279FE59700688B2D /* XCRemoteSwiftPackageReference "sdk-ios" */;
			productName = UnisseySDK;
		};
/* End XCSwiftPackageProductDependency section */
	};
	rootObject = DCE4AAE32684922A00FCF18E /* Project object */;
}
