{
  "originHash" : "aa6333507fe37d4de3bdabbf494bbd7123c596cb9ca36bc792703a59e74745e3",
  "pins" : [
    {
      "identity" : "sdk-ios",
      "kind" : "remoteSourceControl",
      "location" : "https://github.com/unissey/sdk-ios",
      "state" : {
        "revision" : "35c730e68d22f365ec8a1a3aade63113991b5a7e",
        "version" : "3.1.2"
      }
    }
  ],
  "version" : 3
}
