{
  "originHash" : "aa6333507fe37d4de3bdabbf494bbd7123c596cb9ca36bc792703a59e74745e3",
  "pins" : [
    {
      "identity" : "sdk-ios",
      "kind" : "remoteSourceControl",
      "location" : "https://github.com/unissey/sdk-ios",
      "state" : {
        "revision" : "1df1f96694c4a1f2a0a32ae23c2088270abc853c",
        "version" : "3.2.0"
      }
    }
  ],
  "version" : 3
}
